// !$*UTF8*$!
{
	archiveVersion = 1;
	classes = {
	};
	objectVersion = 46;
	objects = {

/* Begin PBXBuildFile section */
		1BF3105C167132050043C902 /* UIKit.framework in Frameworks */ = {isa = PBXBuildFile; fileRef = 1BF3105B167132050043C902 /* UIKit.framework */; };
		1BF3105E167132050043C902 /* Foundation.framework in Frameworks */ = {isa = PBXBuildFile; fileRef = 1BF3105D167132050043C902 /* Foundation.framework */; };
		1BF31060167132050043C902 /* CoreGraphics.framework in Frameworks */ = {isa = PBXBuildFile; fileRef = 1BF3105F167132050043C902 /* CoreGraphics.framework */; };
		1BF31066167132050043C902 /* InfoPlist.strings in Resources */ = {isa = PBXBuildFile; fileRef = 1BF31064167132050043C902 /* InfoPlist.strings */; };
		1BF31068167132050043C902 /* main.m in Sources */ = {isa = PBXBuildFile; fileRef = 1BF31067167132050043C902 /* main.m */; };
		1BF3106C167132050043C902 /* AppDelegate.m in Sources */ = {isa = PBXBuildFile; fileRef = 1BF3106B167132050043C902 /* AppDelegate.m */; };
		1BF3106E167132050043C902 /* Default.png in Resources */ = {isa = PBXBuildFile; fileRef = 1BF3106D167132050043C902 /* Default.png */; };
		1BF31070167132050043C902 /* Default@2x.png in Resources */ = {isa = PBXBuildFile; fileRef = 1BF3106F167132050043C902 /* Default@2x.png */; };
		1BF31072167132050043C902 /* Default-568h@2x.png in Resources */ = {isa = PBXBuildFile; fileRef = 1BF31071167132050043C902 /* Default-568h@2x.png */; };
		1BF31075167132050043C902 /* MainStoryboard.storyboard in Resources */ = {isa = PBXBuildFile; fileRef = 1BF31073167132050043C902 /* MainStoryboard.storyboard */; };
		1BF31078167132050043C902 /* ViewController.m in Sources */ = {isa = PBXBuildFile; fileRef = 1BF31077167132050043C902 /* ViewController.m */; };
		1BF31080167132060043C902 /* SenTestingKit.framework in Frameworks */ = {isa = PBXBuildFile; fileRef = 1BF3107F167132060043C902 /* SenTestingKit.framework */; };
		1BF31081167132060043C902 /* UIKit.framework in Frameworks */ = {isa = PBXBuildFile; fileRef = 1BF3105B167132050043C902 /* UIKit.framework */; };
		1BF31082167132060043C902 /* Foundation.framework in Frameworks */ = {isa = PBXBuildFile; fileRef = 1BF3105D167132050043C902 /* Foundation.framework */; };
		1BF3108A167132060043C902 /* InfoPlist.strings in Resources */ = {isa = PBXBuildFile; fileRef = 1BF31088167132060043C902 /* InfoPlist.strings */; };
		1BF3108D167132060043C902 /* pushTests.m in Sources */ = {isa = PBXBuildFile; fileRef = 1BF3108C167132060043C902 /* pushTests.m */; };
/* End PBXBuildFile section */

/* Begin PBXContainerItemProxy section */
		1BF31083167132060043C902 /* PBXContainerItemProxy */ = {
			isa = PBXContainerItemProxy;
			containerPortal = 1BF3104E167132050043C902 /* Project object */;
			proxyType = 1;
			remoteGlobalIDString = 1BF31056167132050043C902;
			remoteInfo = push;
		};
/* End PBXContainerItemProxy section */

/* Begin PBXFileReference section */
		1BF31057167132050043C902 /* push.app */ = {isa = PBXFileReference; explicitFileType = wrapper.application; includeInIndex = 0; path = push.app; sourceTree = BUILT_PRODUCTS_DIR; };
		1BF3105B167132050043C902 /* UIKit.framework */ = {isa = PBXFileReference; lastKnownFileType = wrapper.framework; name = UIKit.framework; path = System/Library/Frameworks/UIKit.framework; sourceTree = SDKROOT; };
		1BF3105D167132050043C902 /* Foundation.framework */ = {isa = PBXFileReference; lastKnownFileType = wrapper.framework; name = Foundation.framework; path = System/Library/Frameworks/Foundation.framework; sourceTree = SDKROOT; };
		1BF3105F167132050043C902 /* CoreGraphics.framework */ = {isa = PBXFileReference; lastKnownFileType = wrapper.framework; name = CoreGraphics.framework; path = System/Library/Frameworks/CoreGraphics.framework; sourceTree = SDKROOT; };
		1BF31063167132050043C902 /* push-Info.plist */ = {isa = PBXFileReference; lastKnownFileType = text.plist.xml; path = "push-Info.plist"; sourceTree = "<group>"; };
		1BF31065167132050043C902 /* en */ = {isa = PBXFileReference; lastKnownFileType = text.plist.strings; name = en; path = en.lproj/InfoPlist.strings; sourceTree = "<group>"; };
		1BF31067167132050043C902 /* main.m */ = {isa = PBXFileReference; lastKnownFileType = sourcecode.c.objc; path = main.m; sourceTree = "<group>"; };
		1BF31069167132050043C902 /* push-Prefix.pch */ = {isa = PBXFileReference; lastKnownFileType = sourcecode.c.h; path = "push-Prefix.pch"; sourceTree = "<group>"; };
		1BF3106A167132050043C902 /* AppDelegate.h */ = {isa = PBXFileReference; lastKnownFileType = sourcecode.c.h; path = AppDelegate.h; sourceTree = "<group>"; };
		1BF3106B167132050043C902 /* AppDelegate.m */ = {isa = PBXFileReference; lastKnownFileType = sourcecode.c.objc; path = AppDelegate.m; sourceTree = "<group>"; };
		1BF3106D167132050043C902 /* Default.png */ = {isa = PBXFileReference; lastKnownFileType = image.png; path = Default.png; sourceTree = "<group>"; };
		1BF3106F167132050043C902 /* Default@2x.png */ = {isa = PBXFileReference; lastKnownFileType = image.png; path = "Default@2x.png"; sourceTree = "<group>"; };
		1BF31071167132050043C902 /* Default-568h@2x.png */ = {isa = PBXFileReference; lastKnownFileType = image.png; path = "Default-568h@2x.png"; sourceTree = "<group>"; };
		1BF31074167132050043C902 /* en */ = {isa = PBXFileReference; lastKnownFileType = file.storyboard; name = en; path = en.lproj/MainStoryboard.storyboard; sourceTree = "<group>"; };
		1BF31076167132050043C902 /* ViewController.h */ = {isa = PBXFileReference; lastKnownFileType = sourcecode.c.h; path = ViewController.h; sourceTree = "<group>"; };
		1BF31077167132050043C902 /* ViewController.m */ = {isa = PBXFileReference; lastKnownFileType = sourcecode.c.objc; path = ViewController.m; sourceTree = "<group>"; };
		1BF3107E167132060043C902 /* pushTests.octest */ = {isa = PBXFileReference; explicitFileType = wrapper.cfbundle; includeInIndex = 0; path = pushTests.octest; sourceTree = BUILT_PRODUCTS_DIR; };
		1BF3107F167132060043C902 /* SenTestingKit.framework */ = {isa = PBXFileReference; lastKnownFileType = wrapper.framework; name = SenTestingKit.framework; path = Library/Frameworks/SenTestingKit.framework; sourceTree = DEVELOPER_DIR; };
		1BF31087167132060043C902 /* pushTests-Info.plist */ = {isa = PBXFileReference; lastKnownFileType = text.plist.xml; path = "pushTests-Info.plist"; sourceTree = "<group>"; };
		1BF31089167132060043C902 /* en */ = {isa = PBXFileReference; lastKnownFileType = text.plist.strings; name = en; path = en.lproj/InfoPlist.strings; sourceTree = "<group>"; };
		1BF3108B167132060043C902 /* pushTests.h */ = {isa = PBXFileReference; lastKnownFileType = sourcecode.c.h; path = pushTests.h; sourceTree = "<group>"; };
		1BF3108C167132060043C902 /* pushTests.m */ = {isa = PBXFileReference; lastKnownFileType = sourcecode.c.objc; path = pushTests.m; sourceTree = "<group>"; };
/* End PBXFileReference section */

/* Begin PBXFrameworksBuildPhase section */
		1BF31054167132050043C902 /* Frameworks */ = {
			isa = PBXFrameworksBuildPhase;
			buildActionMask = 2147483647;
			files = (
				1BF3105C167132050043C902 /* UIKit.framework in Frameworks */,
				1BF3105E167132050043C902 /* Foundation.framework in Frameworks */,
				1BF31060167132050043C902 /* CoreGraphics.framework in Frameworks */,
			);
			runOnlyForDeploymentPostprocessing = 0;
		};
		1BF3107A167132060043C902 /* Frameworks */ = {
			isa = PBXFrameworksBuildPhase;
			buildActionMask = 2147483647;
			files = (
				1BF31080167132060043C902 /* SenTestingKit.framework in Frameworks */,
				1BF31081167132060043C902 /* UIKit.framework in Frameworks */,
				1BF31082167132060043C902 /* Foundation.framework in Frameworks */,
			);
			runOnlyForDeploymentPostprocessing = 0;
		};
/* End PBXFrameworksBuildPhase section */

/* Begin PBXGroup section */
		1BF3104C167132050043C902 = {
			isa = PBXGroup;
			children = (
				1BF31061167132050043C902 /* push */,
				1BF31085167132060043C902 /* pushTests */,
				1BF3105A167132050043C902 /* Frameworks */,
				1BF31058167132050043C902 /* Products */,
			);
			sourceTree = "<group>";
		};
		1BF31058167132050043C902 /* Products */ = {
			isa = PBXGroup;
			children = (
				1BF31057167132050043C902 /* push.app */,
				1BF3107E167132060043C902 /* pushTests.octest */,
			);
			name = Products;
			sourceTree = "<group>";
		};
		1BF3105A167132050043C902 /* Frameworks */ = {
			isa = PBXGroup;
			children = (
				1BF3105B167132050043C902 /* UIKit.framework */,
				1BF3105D167132050043C902 /* Foundation.framework */,
				1BF3105F167132050043C902 /* CoreGraphics.framework */,
				1BF3107F167132060043C902 /* SenTestingKit.framework */,
			);
			name = Frameworks;
			sourceTree = "<group>";
		};
		1BF31061167132050043C902 /* push */ = {
			isa = PBXGroup;
			children = (
				1BF3106A167132050043C902 /* AppDelegate.h */,
				1BF3106B167132050043C902 /* AppDelegate.m */,
				1BF31073167132050043C902 /* MainStoryboard.storyboard */,
				1BF31076167132050043C902 /* ViewController.h */,
				1BF31077167132050043C902 /* ViewController.m */,
				1BF31062167132050043C902 /* Supporting Files */,
			);
			path = push;
			sourceTree = "<group>";
		};
		1BF31062167132050043C902 /* Supporting Files */ = {
			isa = PBXGroup;
			children = (
				1BF31063167132050043C902 /* push-Info.plist */,
				1BF31064167132050043C902 /* InfoPlist.strings */,
				1BF31067167132050043C902 /* main.m */,
				1BF31069167132050043C902 /* push-Prefix.pch */,
				1BF3106D167132050043C902 /* Default.png */,
				1BF3106F167132050043C902 /* Default@2x.png */,
				1BF31071167132050043C902 /* Default-568h@2x.png */,
			);
			name = "Supporting Files";
			sourceTree = "<group>";
		};
		1BF31085167132060043C902 /* pushTests */ = {
			isa = PBXGroup;
			children = (
				1BF3108B167132060043C902 /* pushTests.h */,
				1BF3108C167132060043C902 /* pushTests.m */,
				1BF31086167132060043C902 /* Supporting Files */,
			);
			path = pushTests;
			sourceTree = "<group>";
		};
		1BF31086167132060043C902 /* Supporting Files */ = {
			isa = PBXGroup;
			children = (
				1BF31087167132060043C902 /* pushTests-Info.plist */,
				1BF31088167132060043C902 /* InfoPlist.strings */,
			);
			name = "Supporting Files";
			sourceTree = "<group>";
		};
/* End PBXGroup section */

/* Begin PBXNativeTarget section */
		1BF31056167132050043C902 /* push */ = {
			isa = PBXNativeTarget;
			buildConfigurationList = 1BF31090167132060043C902 /* Build configuration list for PBXNativeTarget "push" */;
			buildPhases = (
				1BF31053167132050043C902 /* Sources */,
				1BF31054167132050043C902 /* Frameworks */,
				1BF31055167132050043C902 /* Resources */,
			);
			buildRules = (
			);
			dependencies = (
			);
			name = push;
			productName = push;
			productReference = 1BF31057167132050043C902 /* push.app */;
			productType = "com.apple.product-type.application";
		};
		1BF3107D167132060043C902 /* pushTests */ = {
			isa = PBXNativeTarget;
			buildConfigurationList = 1BF31093167132060043C902 /* Build configuration list for PBXNativeTarget "pushTests" */;
			buildPhases = (
				1BF31079167132060043C902 /* Sources */,
				1BF3107A167132060043C902 /* Frameworks */,
				1BF3107B167132060043C902 /* Resources */,
				1BF3107C167132060043C902 /* ShellScript */,
			);
			buildRules = (
			);
			dependencies = (
				1BF31084167132060043C902 /* PBXTargetDependency */,
			);
			name = pushTests;
			productName = pushTests;
			productReference = 1BF3107E167132060043C902 /* pushTests.octest */;
			productType = "com.apple.product-type.bundle";
		};
/* End PBXNativeTarget section */

/* Begin PBXProject section */
		1BF3104E167132050043C902 /* Project object */ = {
			isa = PBXProject;
			attributes = {
				LastUpgradeCheck = 0450;
				ORGANIZATIONNAME = "Alex Navarro";
			};
			buildConfigurationList = 1BF31051167132050043C902 /* Build configuration list for PBXProject "push" */;
			compatibilityVersion = "Xcode 3.2";
			developmentRegion = English;
			hasScannedForEncodings = 0;
			knownRegions = (
				en,
			);
			mainGroup = 1BF3104C167132050043C902;
			productRefGroup = 1BF31058167132050043C902 /* Products */;
			projectDirPath = "";
			projectRoot = "";
			targets = (
				1BF31056167132050043C902 /* push */,
				1BF3107D167132060043C902 /* pushTests */,
			);
		};
/* End PBXProject section */

/* Begin PBXResourcesBuildPhase section */
		1BF31055167132050043C902 /* Resources */ = {
			isa = PBXResourcesBuildPhase;
			buildActionMask = 2147483647;
			files = (
				1BF31066167132050043C902 /* InfoPlist.strings in Resources */,
				1BF3106E167132050043C902 /* Default.png in Resources */,
				1BF31070167132050043C902 /* Default@2x.png in Resources */,
				1BF31072167132050043C902 /* Default-568h@2x.png in Resources */,
				1BF31075167132050043C902 /* MainStoryboard.storyboard in Resources */,
			);
			runOnlyForDeploymentPostprocessing = 0;
		};
		1BF3107B167132060043C902 /* Resources */ = {
			isa = PBXResourcesBuildPhase;
			buildActionMask = 2147483647;
			files = (
				1BF3108A167132060043C902 /* InfoPlist.strings in Resources */,
			);
			runOnlyForDeploymentPostprocessing = 0;
		};
/* End PBXResourcesBuildPhase section */

/* Begin PBXShellScriptBuildPhase section */
		1BF3107C167132060043C902 /* ShellScript */ = {
			isa = PBXShellScriptBuildPhase;
			buildActionMask = 2147483647;
			files = (
			);
			inputPaths = (
			);
			outputPaths = (
			);
			runOnlyForDeploymentPostprocessing = 0;
			shellPath = /bin/sh;
			shellScript = "# Run the unit tests in this test bundle.\n\"${SYSTEM_DEVELOPER_DIR}/Tools/RunUnitTests\"\n";
		};
/* End PBXShellScriptBuildPhase section */

/* Begin PBXSourcesBuildPhase section */
		1BF31053167132050043C902 /* Sources */ = {
			isa = PBXSourcesBuildPhase;
			buildActionMask = 2147483647;
			files = (
				1BF31068167132050043C902 /* main.m in Sources */,
				1BF3106C167132050043C902 /* AppDelegate.m in Sources */,
				1BF31078167132050043C902 /* ViewController.m in Sources */,
			);
			runOnlyForDeploymentPostprocessing = 0;
		};
		1BF31079167132060043C902 /* Sources */ = {
			isa = PBXSourcesBuildPhase;
			buildActionMask = 2147483647;
			files = (
				1BF3108D167132060043C902 /* pushTests.m in Sources */,
			);
			runOnlyForDeploymentPostprocessing = 0;
		};
/* End PBXSourcesBuildPhase section */

/* Begin PBXTargetDependency section */
		1BF31084167132060043C902 /* PBXTargetDependency */ = {
			isa = PBXTargetDependency;
			target = 1BF31056167132050043C902 /* push */;
			targetProxy = 1BF31083167132060043C902 /* PBXContainerItemProxy */;
		};
/* End PBXTargetDependency section */

/* Begin PBXVariantGroup section */
		1BF31064167132050043C902 /* InfoPlist.strings */ = {
			isa = PBXVariantGroup;
			children = (
				1BF31065167132050043C902 /* en */,
			);
			name = InfoPlist.strings;
			sourceTree = "<group>";
		};
		1BF31073167132050043C902 /* MainStoryboard.storyboard */ = {
			isa = PBXVariantGroup;
			children = (
				1BF31074167132050043C902 /* en */,
			);
			name = MainStoryboard.storyboard;
			sourceTree = "<group>";
		};
		1BF31088167132060043C902 /* InfoPlist.strings */ = {
			isa = PBXVariantGroup;
			children = (
				1BF31089167132060043C902 /* en */,
			);
			name = InfoPlist.strings;
			sourceTree = "<group>";
		};
/* End PBXVariantGroup section */

/* Begin XCBuildConfiguration section */
		1BF3108E167132060043C902 /* Debug */ = {
			isa = XCBuildConfiguration;
			buildSettings = {
				ALWAYS_SEARCH_USER_PATHS = NO;
				CLANG_CXX_LANGUAGE_STANDARD = "gnu++0x";
				CLANG_CXX_LIBRARY = "libc++";
				CLANG_ENABLE_OBJC_ARC = YES;
				CLANG_WARN_EMPTY_BODY = YES;
				CLANG_WARN__DUPLICATE_METHOD_MATCH = YES;
				"CODE_SIGN_IDENTITY[sdk=iphoneos*]" = "iPhone Developer";
				COPY_PHASE_STRIP = NO;
				GCC_C_LANGUAGE_STANDARD = gnu99;
				GCC_DYNAMIC_NO_PIC = NO;
				GCC_OPTIMIZATION_LEVEL = 0;
				GCC_PREPROCESSOR_DEFINITIONS = (
					"DEBUG=1",
					"$(inherited)",
				);
				GCC_SYMBOLS_PRIVATE_EXTERN = NO;
				GCC_WARN_ABOUT_RETURN_TYPE = YES;
				GCC_WARN_UNINITIALIZED_AUTOS = YES;
				GCC_WARN_UNUSED_VARIABLE = YES;
				IPHONEOS_DEPLOYMENT_TARGET = 6.0;
				ONLY_ACTIVE_ARCH = YES;
				SDKROOT = iphoneos;
			};
			name = Debug;
		};
		1BF3108F167132060043C902 /* Release */ = {
			isa = XCBuildConfiguration;
			buildSettings = {
				ALWAYS_SEARCH_USER_PATHS = NO;
				CLANG_CXX_LANGUAGE_STANDARD = "gnu++0x";
				CLANG_CXX_LIBRARY = "libc++";
				CLANG_ENABLE_OBJC_ARC = YES;
				CLANG_WARN_EMPTY_BODY = YES;
				CLANG_WARN__DUPLICATE_METHOD_MATCH = YES;
				"CODE_SIGN_IDENTITY[sdk=iphoneos*]" = "iPhone Developer";
				COPY_PHASE_STRIP = YES;
				GCC_C_LANGUAGE_STANDARD = gnu99;
				GCC_WARN_ABOUT_RETURN_TYPE = YES;
				GCC_WARN_UNINITIALIZED_AUTOS = YES;
				GCC_WARN_UNUSED_VARIABLE = YES;
				IPHONEOS_DEPLOYMENT_TARGET = 6.0;
				OTHER_CFLAGS = "-DNS_BLOCK_ASSERTIONS=1";
				SDKROOT = iphoneos;
				VALIDATE_PRODUCT = YES;
			};
			name = Release;
		};
		1BF31091167132060043C902 /* Debug */ = {
			isa = XCBuildConfiguration;
			buildSettings = {
				GCC_PRECOMPILE_PREFIX_HEADER = YES;
				GCC_PREFIX_HEADER = "push/push-Prefix.pch";
				INFOPLIST_FILE = "push/push-Info.plist";
				PRODUCT_NAME = "$(TARGET_NAME)";
				WRAPPER_EXTENSION = app;
			};
			name = Debug;
		};
		1BF31092167132060043C902 /* Release */ = {
			isa = XCBuildConfiguration;
			buildSettings = {
				GCC_PRECOMPILE_PREFIX_HEADER = YES;
				GCC_PREFIX_HEADER = "push/push-Prefix.pch";
				INFOPLIST_FILE = "push/push-Info.plist";
				PRODUCT_NAME = "$(TARGET_NAME)";
				WRAPPER_EXTENSION = app;
			};
			name = Release;
		};
		1BF31094167132060043C902 /* Debug */ = {
			isa = XCBuildConfiguration;
			buildSettings = {
				BUNDLE_LOADER = "$(BUILT_PRODUCTS_DIR)/push.app/push";
				FRAMEWORK_SEARCH_PATHS = (
					"\"$(SDKROOT)/Developer/Library/Frameworks\"",
					"\"$(DEVELOPER_LIBRARY_DIR)/Frameworks\"",
				);
				GCC_PRECOMPILE_PREFIX_HEADER = YES;
				GCC_PREFIX_HEADER = "push/push-Prefix.pch";
				INFOPLIST_FILE = "pushTests/pushTests-Info.plist";
				PRODUCT_NAME = "$(TARGET_NAME)";
				TEST_HOST = "$(BUNDLE_LOADER)";
				WRAPPER_EXTENSION = octest;
			};
			name = Debug;
		};
		1BF31095167132060043C902 /* Release */ = {
			isa = XCBuildConfiguration;
			buildSettings = {
				BUNDLE_LOADER = "$(BUILT_PRODUCTS_DIR)/push.app/push";
				FRAMEWORK_SEARCH_PATHS = (
					"\"$(SDKROOT)/Developer/Library/Frameworks\"",
					"\"$(DEVELOPER_LIBRARY_DIR)/Frameworks\"",
				);
				GCC_PRECOMPILE_PREFIX_HEADER = YES;
				GCC_PREFIX_HEADER = "push/push-Prefix.pch";
				INFOPLIST_FILE = "pushTests/pushTests-Info.plist";
				PRODUCT_NAME = "$(TARGET_NAME)";
				TEST_HOST = "$(BUNDLE_LOADER)";
				WRAPPER_EXTENSION = octest;
			};
			name = Release;
		};
/* End XCBuildConfiguration section */

/* Begin XCConfigurationList section */
		1BF31051167132050043C902 /* Build configuration list for PBXProject "push" */ = {
			isa = XCConfigurationList;
			buildConfigurations = (
				1BF3108E167132060043C902 /* Debug */,
				1BF3108F167132060043C902 /* Release */,
			);
			defaultConfigurationIsVisible = 0;
			defaultConfigurationName = Release;
		};
		1BF31090167132060043C902 /* Build configuration list for PBXNativeTarget "push" */ = {
			isa = XCConfigurationList;
			buildConfigurations = (
				1BF31091167132060043C902 /* Debug */,
				1BF31092167132060043C902 /* Release */,
			);
			defaultConfigurationIsVisible = 0;
		};
		1BF31093167132060043C902 /* Build configuration list for PBXNativeTarget "pushTests" */ = {
			isa = XCConfigurationList;
			buildConfigurations = (
				1BF31094167132060043C902 /* Debug */,
				1BF31095167132060043C902 /* Release */,
			);
			defaultConfigurationIsVisible = 0;
		};
/* End XCConfigurationList section */
	};
	rootObject = 1BF3104E167132050043C902 /* Project object */;
}
